
Microsoft Visual Studio Solution File, Format Version 12.00
# Visual Studio 14
VisualStudioVersion = 14.0.24720.0
MinimumVisualStudioVersion = 10.0.40219.1
Project("{2150E333-8FDC-42A3-9474-1A3956D46DE8}") = "Solution Items", "Solution Items", "{3CEB790B-1213-462E-82C6-8FB1D99C9712}"
	ProjectSection(SolutionItems) = preProject
		index.html = index.html
	EndProjectSection
EndProject
Project("{FAE04EC0-301F-11D3-BF4B-00C04F79EFBC}") = "NepFlixApp", "NepFlixApp\NepFlixApp.csproj", "{0A0BE24F-2330-4F6B-BD4C-74359D5E3DC9}"
EndProject
Project("{E24C65DC-7377-472B-9ABA-BC803B73C61A}") = "WebSite1(1)", "..\..\WebSites\WebSite1\", "{91B7A97C-8868-4783-978C-D9CF178C52ED}"
	ProjectSection(WebsiteProperties) = preProject
		TargetFrameworkMoniker = ".NETFramework,Version%3Dv4.5.2"
		Debug.AspNetCompiler.VirtualPath = "/localhost_57807"
		Debug.AspNetCompiler.PhysicalPath = "..\..\WebSites\WebSite1\"
		Debug.AspNetCompiler.TargetPath = "PrecompiledWeb\localhost_57807\"
		Debug.AspNetCompiler.Updateable = "true"
		Debug.AspNetCompiler.ForceOverwrite = "true"
		Debug.AspNetCompiler.FixedNames = "false"
		Debug.AspNetCompiler.Debug = "True"
		Release.AspNetCompiler.VirtualPath = "/localhost_57807"
		Release.AspNetCompiler.PhysicalPath = "..\..\WebSites\WebSite1\"
		Release.AspNetCompiler.TargetPath = "PrecompiledWeb\localhost_57807\"
		Release.AspNetCompiler.Updateable = "true"
		Release.AspNetCompiler.ForceOverwrite = "true"
		Release.AspNetCompiler.FixedNames = "false"
		Release.AspNetCompiler.Debug = "False"
		VWDPort = "57807"
		SlnRelativePath = "..\..\WebSites\WebSite1\"
		DefaultWebSiteLanguage = "Visual C#"
	EndProjectSection
EndProject
Project("{E24C65DC-7377-472B-9ABA-BC803B73C61A}") = "a", "..\a\", "{A5E27648-6BE5-46D9-BD52-4635ACD0E6C1}"
	ProjectSection(WebsiteProperties) = preProject
		TargetFrameworkMoniker = ".NETFramework,Version%3Dv4.0"
		Debug.AspNetCompiler.VirtualPath = "/localhost_61899"
		Debug.AspNetCompiler.PhysicalPath = "..\a\"
		Debug.AspNetCompiler.TargetPath = "PrecompiledWeb\localhost_61899\"
		Debug.AspNetCompiler.Updateable = "true"
		Debug.AspNetCompiler.ForceOverwrite = "true"
		Debug.AspNetCompiler.FixedNames = "false"
		Debug.AspNetCompiler.Debug = "True"
		Release.AspNetCompiler.VirtualPath = "/localhost_61899"
		Release.AspNetCompiler.PhysicalPath = "..\a\"
		Release.AspNetCompiler.TargetPath = "PrecompiledWeb\localhost_61899\"
		Release.AspNetCompiler.Updateable = "true"
		Release.AspNetCompiler.ForceOverwrite = "true"
		Release.AspNetCompiler.FixedNames = "false"
		Release.AspNetCompiler.Debug = "False"
		VWDPort = "61899"
		SlnRelativePath = "..\a\"
	EndProjectSection
EndProject
Global
	GlobalSection(SolutionConfigurationPlatforms) = preSolution
		Debug|Any CPU = Debug|Any CPU
		Release|Any CPU = Release|Any CPU
	EndGlobalSection
	GlobalSection(ProjectConfigurationPlatforms) = postSolution
		{0A0BE24F-2330-4F6B-BD4C-74359D5E3DC9}.Debug|Any CPU.ActiveCfg = Debug|Any CPU
		{0A0BE24F-2330-4F6B-BD4C-74359D5E3DC9}.Debug|Any CPU.Build.0 = Debug|Any CPU
		{0A0BE24F-2330-4F6B-BD4C-74359D5E3DC9}.Release|Any CPU.ActiveCfg = Release|Any CPU
		{0A0BE24F-2330-4F6B-BD4C-74359D5E3DC9}.Release|Any CPU.Build.0 = Release|Any CPU
		{91B7A97C-8868-4783-978C-D9CF178C52ED}.Debug|Any CPU.ActiveCfg = Debug|Any CPU
		{91B7A97C-8868-4783-978C-D9CF178C52ED}.Debug|Any CPU.Build.0 = Debug|Any CPU
		{91B7A97C-8868-4783-978C-D9CF178C52ED}.Release|Any CPU.ActiveCfg = Debug|Any CPU
		{91B7A97C-8868-4783-978C-D9CF178C52ED}.Release|Any CPU.Build.0 = Debug|Any CPU
		{A5E27648-6BE5-46D9-BD52-4635ACD0E6C1}.Debug|Any CPU.ActiveCfg = Debug|Any CPU
		{A5E27648-6BE5-46D9-BD52-4635ACD0E6C1}.Debug|Any CPU.Build.0 = Debug|Any CPU
		{A5E27648-6BE5-46D9-BD52-4635ACD0E6C1}.Release|Any CPU.ActiveCfg = Debug|Any CPU
		{A5E27648-6BE5-46D9-BD52-4635ACD0E6C1}.Release|Any CPU.Build.0 = Debug|Any CPU
	EndGlobalSection
	GlobalSection(SolutionProperties) = preSolution
		HideSolutionNode = FALSE
	EndGlobalSection
EndGlobal
